
Microsoft Visual Studio Solution File, Format Version 12.00
# Visual Studio Version 17
VisualStudioVersion = 17.3.32804.467
MinimumVisualStudioVersion = 10.0.40219.1
Project("{2150E333-8FDC-42A3-9474-1A3956D46DE8}") = "src", "src", "{F53C8FBF-70B3-49B1-B054-92EA34152053}"
EndProject
Project("{2150E333-8FDC-42A3-9474-1A3956D46DE8}") = "test", "test", "{DD6380D7-A1D4-4627-845D-C691E22A44B6}"
EndProject
Project("{2150E333-8FDC-42A3-9474-1A3956D46DE8}") = "Api", "Api", "{A0E8820D-7249-409D-B89C-4991C937A9C4}"
EndProject
Project("{2150E333-8FDC-42A3-9474-1A3956D46DE8}") = "Core", "Core", "{12072482-9E46-4534-A8EC-62074F58E7A3}"
EndProject
Project("{2150E333-8FDC-42A3-9474-1A3956D46DE8}") = "Infrastructure", "Infrastructure", "{FA7F47A6-E74E-40EC-AA3A-EDC6FF08842A}"
EndProject
Project("{2150E333-8FDC-42A3-9474-1A3956D46DE8}") = "UI", "UI", "{1F1522DB-8110-4CA1-B772-4C91FA52C2CB}"
EndProject
Project("{9A19103F-16F7-4668-BE54-9A1E7A4F7556}") = "HRManegment_Application", "HRManegment_Application\HRManegment_Application.csproj", "{C45B9C36-6D93-4CD9-9F2A-F01E902D339B}"
EndProject
Project("{9A19103F-16F7-4668-BE54-9A1E7A4F7556}") = "HRManegment_Domain", "HRManegment_Domain\HRManegment_Domain.csproj", "{4307744C-6BA7-42DE-9B25-077B7A6D5D02}"
EndProject
Project("{9A19103F-16F7-4668-BE54-9A1E7A4F7556}") = "HRManegment_Infrastructure", "HRManegment_Infrastructure\HRManegment_Infrastructure.csproj", "{D764D038-A06E-4174-91ED-5D7AC3EF6ED3}"
EndProject
Project("{9A19103F-16F7-4668-BE54-9A1E7A4F7556}") = "HRManegment_Persistence", "HRManegment_Persistence\HRManegment_Persistence.csproj", "{6136D611-FCBA-468C-A464-D3A8174908DC}"
EndProject
Project("{9A19103F-16F7-4668-BE54-9A1E7A4F7556}") = "HRManegment_Api", "HRManegment_Api\HRManegment_Api.csproj", "{C98F6177-9B39-4DFC-9650-00EE9095132A}"
EndProject
Project("{FAE04EC0-301F-11D3-BF4B-00C04F79EFBC}") = "HRManegment_Application_UnitTests", "HRManegment_Application_UnitTests\HRManegment_Application_UnitTests.csproj", "{E97044C5-34B8-4698-9747-109855561EA2}"
EndProject
Global
	GlobalSection(SolutionConfigurationPlatforms) = preSolution
		Debug|Any CPU = Debug|Any CPU
		Release|Any CPU = Release|Any CPU
	EndGlobalSection
	GlobalSection(ProjectConfigurationPlatforms) = postSolution
		{C45B9C36-6D93-4CD9-9F2A-F01E902D339B}.Debug|Any CPU.ActiveCfg = Debug|Any CPU
		{C45B9C36-6D93-4CD9-9F2A-F01E902D339B}.Debug|Any CPU.Build.0 = Debug|Any CPU
		{C45B9C36-6D93-4CD9-9F2A-F01E902D339B}.Release|Any CPU.ActiveCfg = Release|Any CPU
		{C45B9C36-6D93-4CD9-9F2A-F01E902D339B}.Release|Any CPU.Build.0 = Release|Any CPU
		{4307744C-6BA7-42DE-9B25-077B7A6D5D02}.Debug|Any CPU.ActiveCfg = Debug|Any CPU
		{4307744C-6BA7-42DE-9B25-077B7A6D5D02}.Debug|Any CPU.Build.0 = Debug|Any CPU
		{4307744C-6BA7-42DE-9B25-077B7A6D5D02}.Release|Any CPU.ActiveCfg = Release|Any CPU
		{4307744C-6BA7-42DE-9B25-077B7A6D5D02}.Release|Any CPU.Build.0 = Release|Any CPU
		{D764D038-A06E-4174-91ED-5D7AC3EF6ED3}.Debug|Any CPU.ActiveCfg = Debug|Any CPU
		{D764D038-A06E-4174-91ED-5D7AC3EF6ED3}.Debug|Any CPU.Build.0 = Debug|Any CPU
		{D764D038-A06E-4174-91ED-5D7AC3EF6ED3}.Release|Any CPU.ActiveCfg = Release|Any CPU
		{D764D038-A06E-4174-91ED-5D7AC3EF6ED3}.Release|Any CPU.Build.0 = Release|Any CPU
		{6136D611-FCBA-468C-A464-D3A8174908DC}.Debug|Any CPU.ActiveCfg = Debug|Any CPU
		{6136D611-FCBA-468C-A464-D3A8174908DC}.Debug|Any CPU.Build.0 = Debug|Any CPU
		{6136D611-FCBA-468C-A464-D3A8174908DC}.Release|Any CPU.ActiveCfg = Release|Any CPU
		{6136D611-FCBA-468C-A464-D3A8174908DC}.Release|Any CPU.Build.0 = Release|Any CPU
		{C98F6177-9B39-4DFC-9650-00EE9095132A}.Debug|Any CPU.ActiveCfg = Debug|Any CPU
		{C98F6177-9B39-4DFC-9650-00EE9095132A}.Debug|Any CPU.Build.0 = Debug|Any CPU
		{C98F6177-9B39-4DFC-9650-00EE9095132A}.Release|Any CPU.ActiveCfg = Release|Any CPU
		{C98F6177-9B39-4DFC-9650-00EE9095132A}.Release|Any CPU.Build.0 = Release|Any CPU
		{E97044C5-34B8-4698-9747-109855561EA2}.Debug|Any CPU.ActiveCfg = Debug|Any CPU
		{E97044C5-34B8-4698-9747-109855561EA2}.Debug|Any CPU.Build.0 = Debug|Any CPU
		{E97044C5-34B8-4698-9747-109855561EA2}.Release|Any CPU.ActiveCfg = Release|Any CPU
		{E97044C5-34B8-4698-9747-109855561EA2}.Release|Any CPU.Build.0 = Release|Any CPU
	EndGlobalSection
	GlobalSection(SolutionProperties) = preSolution
		HideSolutionNode = FALSE
	EndGlobalSection
	GlobalSection(NestedProjects) = preSolution
		{A0E8820D-7249-409D-B89C-4991C937A9C4} = {F53C8FBF-70B3-49B1-B054-92EA34152053}
		{12072482-9E46-4534-A8EC-62074F58E7A3} = {F53C8FBF-70B3-49B1-B054-92EA34152053}
		{FA7F47A6-E74E-40EC-AA3A-EDC6FF08842A} = {F53C8FBF-70B3-49B1-B054-92EA34152053}
		{1F1522DB-8110-4CA1-B772-4C91FA52C2CB} = {F53C8FBF-70B3-49B1-B054-92EA34152053}
		{C45B9C36-6D93-4CD9-9F2A-F01E902D339B} = {12072482-9E46-4534-A8EC-62074F58E7A3}
		{4307744C-6BA7-42DE-9B25-077B7A6D5D02} = {12072482-9E46-4534-A8EC-62074F58E7A3}
		{D764D038-A06E-4174-91ED-5D7AC3EF6ED3} = {FA7F47A6-E74E-40EC-AA3A-EDC6FF08842A}
		{6136D611-FCBA-468C-A464-D3A8174908DC} = {FA7F47A6-E74E-40EC-AA3A-EDC6FF08842A}
		{C98F6177-9B39-4DFC-9650-00EE9095132A} = {A0E8820D-7249-409D-B89C-4991C937A9C4}
		{E97044C5-34B8-4698-9747-109855561EA2} = {DD6380D7-A1D4-4627-845D-C691E22A44B6}
	EndGlobalSection
	GlobalSection(ExtensibilityGlobals) = postSolution
		SolutionGuid = {FB8CAFE7-853E-49AF-9E84-FE83ACD809B7}
	EndGlobalSection
EndGlobal
